
Microsoft Visual Studio Solution File, Format Version 12.00
# Visual Studio Version 16
VisualStudioVersion = 16.0.29905.134
MinimumVisualStudioVersion = 10.0.40219.1
Project("{FAE04EC0-301F-11D3-BF4B-00C04F79EFBC}") = "Lama.Api", "Lama.Api\Lama.Api.csproj", "{100CFCCE-6977-4157-A811-A434EE26A2C8}"
EndProject
Global
	GlobalSection(SolutionConfigurationPlatforms) = preSolution
		Debug|Any CPU = Debug|Any CPU
		Release|Any CPU = Release|Any CPU
	EndGlobalSection
	GlobalSection(ProjectConfigurationPlatforms) = postSolution
		{100CFCCE-6977-4157-A811-A434EE26A2C8}.Debug|Any CPU.ActiveCfg = Debug|Any CPU
		{100CFCCE-6977-4157-A811-A434EE26A2C8}.Debug|Any CPU.Build.0 = Debug|Any CPU
		{100CFCCE-6977-4157-A811-A434EE26A2C8}.Release|Any CPU.ActiveCfg = Release|Any CPU
		{100CFCCE-6977-4157-A811-A434EE26A2C8}.Release|Any CPU.Build.0 = Release|Any CPU
	EndGlobalSection
	GlobalSection(SolutionProperties) = preSolution
		HideSolutionNode = FALSE
	EndGlobalSection
	GlobalSection(ExtensibilityGlobals) = postSolution
		SolutionGuid = {83980252-6ABF-4EC5-BB31-F73EF64715F9}
	EndGlobalSection
EndGlobal
